
Microsoft Visual Studio Solution File, Format Version 12.00
# Visual Studio Version 16
VisualStudioVersion = 16.0.30804.86
MinimumVisualStudioVersion = 10.0.40219.1
Project("{8BC9CEB8-8B4A-11D0-8D11-00A0C91BC942}") = "Task1", "Project1\Project1.vcxproj", "{AB1FBED0-01CF-4A7D-A55B-AD4177CC8A45}"
EndProject
Project("{8BC9CEB8-8B4A-11D0-8D11-00A0C91BC942}") = "Task2", "Task2\Task2.vcxproj", "{E042A9BE-2543-4000-BCD4-2380851CBF47}"
EndProject
Project("{8BC9CEB8-8B4A-11D0-8D11-00A0C91BC942}") = "Task3", "Task3\Task3.vcxproj", "{9F49030A-0D11-4D0E-8691-58CBD3E2AB5B}"
EndProject
Project("{8BC9CEB8-8B4A-11D0-8D11-00A0C91BC942}") = "Task4", "Task4\Task4.vcxproj", "{77423282-ED20-41F0-ABAB-2A17FAF83F2F}"
EndProject
Project("{8BC9CEB8-8B4A-11D0-8D11-00A0C91BC942}") = "Task5", "Task5\Task5.vcxproj", "{FED5CA56-DEA8-4296-B608-20E83DF47E02}"
EndProject
Project("{8BC9CEB8-8B4A-11D0-8D11-00A0C91BC942}") = "Task6", "Task6\Task6.vcxproj", "{55CB0D80-ADD7-4586-9210-C44044894A6A}"
EndProject
Project("{8BC9CEB8-8B4A-11D0-8D11-00A0C91BC942}") = "Task7", "Task7\Task7.vcxproj", "{AC342414-7530-4212-A872-47397040C7CD}"
EndProject
Project("{8BC9CEB8-8B4A-11D0-8D11-00A0C91BC942}") = "Task8", "Task8\Task8.vcxproj", "{EFEAE4B8-2DFE-4448-BF63-407BAC006AE9}"
EndProject
Project("{8BC9CEB8-8B4A-11D0-8D11-00A0C91BC942}") = "Task9", "Task9\Task9.vcxproj", "{1F879DD0-B2FC-469D-AD70-902E4894FEAF}"
EndProject
Global
	GlobalSection(SolutionConfigurationPlatforms) = preSolution
		Debug|x64 = Debug|x64
		Debug|x86 = Debug|x86
		Release|x64 = Release|x64
		Release|x86 = Release|x86
	EndGlobalSection
	GlobalSection(ProjectConfigurationPlatforms) = postSolution
		{AB1FBED0-01CF-4A7D-A55B-AD4177CC8A45}.Debug|x64.ActiveCfg = Debug|x64
		{AB1FBED0-01CF-4A7D-A55B-AD4177CC8A45}.Debug|x64.Build.0 = Debug|x64
		{AB1FBED0-01CF-4A7D-A55B-AD4177CC8A45}.Debug|x86.ActiveCfg = Debug|Win32
		{AB1FBED0-01CF-4A7D-A55B-AD4177CC8A45}.Debug|x86.Build.0 = Debug|Win32
		{AB1FBED0-01CF-4A7D-A55B-AD4177CC8A45}.Release|x64.ActiveCfg = Release|x64
		{AB1FBED0-01CF-4A7D-A55B-AD4177CC8A45}.Release|x64.Build.0 = Release|x64
		{AB1FBED0-01CF-4A7D-A55B-AD4177CC8A45}.Release|x86.ActiveCfg = Release|Win32
		{AB1FBED0-01CF-4A7D-A55B-AD4177CC8A45}.Release|x86.Build.0 = Release|Win32
		{E042A9BE-2543-4000-BCD4-2380851CBF47}.Debug|x64.ActiveCfg = Debug|x64
		{E042A9BE-2543-4000-BCD4-2380851CBF47}.Debug|x64.Build.0 = Debug|x64
		{E042A9BE-2543-4000-BCD4-2380851CBF47}.Debug|x86.ActiveCfg = Debug|Win32
		{E042A9BE-2543-4000-BCD4-2380851CBF47}.Debug|x86.Build.0 = Debug|Win32
		{E042A9BE-2543-4000-BCD4-2380851CBF47}.Release|x64.ActiveCfg = Release|x64
		{E042A9BE-2543-4000-BCD4-2380851CBF47}.Release|x64.Build.0 = Release|x64
		{E042A9BE-2543-4000-BCD4-2380851CBF47}.Release|x86.ActiveCfg = Release|Win32
		{E042A9BE-2543-4000-BCD4-2380851CBF47}.Release|x86.Build.0 = Release|Win32
		{9F49030A-0D11-4D0E-8691-58CBD3E2AB5B}.Debug|x64.ActiveCfg = Debug|x64
		{9F49030A-0D11-4D0E-8691-58CBD3E2AB5B}.Debug|x64.Build.0 = Debug|x64
		{9F49030A-0D11-4D0E-8691-58CBD3E2AB5B}.Debug|x86.ActiveCfg = Debug|Win32
		{9F49030A-0D11-4D0E-8691-58CBD3E2AB5B}.Debug|x86.Build.0 = Debug|Win32
		{9F49030A-0D11-4D0E-8691-58CBD3E2AB5B}.Release|x64.ActiveCfg = Release|x64
		{9F49030A-0D11-4D0E-8691-58CBD3E2AB5B}.Release|x64.Build.0 = Release|x64
		{9F49030A-0D11-4D0E-8691-58CBD3E2AB5B}.Release|x86.ActiveCfg = Release|Win32
		{9F49030A-0D11-4D0E-8691-58CBD3E2AB5B}.Release|x86.Build.0 = Release|Win32
		{77423282-ED20-41F0-ABAB-2A17FAF83F2F}.Debug|x64.ActiveCfg = Debug|x64
		{77423282-ED20-41F0-ABAB-2A17FAF83F2F}.Debug|x64.Build.0 = Debug|x64
		{77423282-ED20-41F0-ABAB-2A17FAF83F2F}.Debug|x86.ActiveCfg = Debug|Win32
		{77423282-ED20-41F0-ABAB-2A17FAF83F2F}.Debug|x86.Build.0 = Debug|Win32
		{77423282-ED20-41F0-ABAB-2A17FAF83F2F}.Release|x64.ActiveCfg = Release|x64
		{77423282-ED20-41F0-ABAB-2A17FAF83F2F}.Release|x64.Build.0 = Release|x64
		{77423282-ED20-41F0-ABAB-2A17FAF83F2F}.Release|x86.ActiveCfg = Release|Win32
		{77423282-ED20-41F0-ABAB-2A17FAF83F2F}.Release|x86.Build.0 = Release|Win32
		{FED5CA56-DEA8-4296-B608-20E83DF47E02}.Debug|x64.ActiveCfg = Debug|x64
		{FED5CA56-DEA8-4296-B608-20E83DF47E02}.Debug|x64.Build.0 = Debug|x64
		{FED5CA56-DEA8-4296-B608-20E83DF47E02}.Debug|x86.ActiveCfg = Debug|Win32
		{FED5CA56-DEA8-4296-B608-20E83DF47E02}.Debug|x86.Build.0 = Debug|Win32
		{FED5CA56-DEA8-4296-B608-20E83DF47E02}.Release|x64.ActiveCfg = Release|x64
		{FED5CA56-DEA8-4296-B608-20E83DF47E02}.Release|x64.Build.0 = Release|x64
		{FED5CA56-DEA8-4296-B608-20E83DF47E02}.Release|x86.ActiveCfg = Release|Win32
		{FED5CA56-DEA8-4296-B608-20E83DF47E02}.Release|x86.Build.0 = Release|Win32
		{55CB0D80-ADD7-4586-9210-C44044894A6A}.Debug|x64.ActiveCfg = Debug|x64
		{55CB0D80-ADD7-4586-9210-C44044894A6A}.Debug|x64.Build.0 = Debug|x64
		{55CB0D80-ADD7-4586-9210-C44044894A6A}.Debug|x86.ActiveCfg = Debug|Win32
		{55CB0D80-ADD7-4586-9210-C44044894A6A}.Debug|x86.Build.0 = Debug|Win32
		{55CB0D80-ADD7-4586-9210-C44044894A6A}.Release|x64.ActiveCfg = Release|x64
		{55CB0D80-ADD7-4586-9210-C44044894A6A}.Release|x64.Build.0 = Release|x64
		{55CB0D80-ADD7-4586-9210-C44044894A6A}.Release|x86.ActiveCfg = Release|Win32
		{55CB0D80-ADD7-4586-9210-C44044894A6A}.Release|x86.Build.0 = Release|Win32
		{AC342414-7530-4212-A872-47397040C7CD}.Debug|x64.ActiveCfg = Debug|x64
		{AC342414-7530-4212-A872-47397040C7CD}.Debug|x64.Build.0 = Debug|x64
		{AC342414-7530-4212-A872-47397040C7CD}.Debug|x86.ActiveCfg = Debug|Win32
		{AC342414-7530-4212-A872-47397040C7CD}.Debug|x86.Build.0 = Debug|Win32
		{AC342414-7530-4212-A872-47397040C7CD}.Release|x64.ActiveCfg = Release|x64
		{AC342414-7530-4212-A872-47397040C7CD}.Release|x64.Build.0 = Release|x64
		{AC342414-7530-4212-A872-47397040C7CD}.Release|x86.ActiveCfg = Release|Win32
		{AC342414-7530-4212-A872-47397040C7CD}.Release|x86.Build.0 = Release|Win32
		{EFEAE4B8-2DFE-4448-BF63-407BAC006AE9}.Debug|x64.ActiveCfg = Debug|x64
		{EFEAE4B8-2DFE-4448-BF63-407BAC006AE9}.Debug|x64.Build.0 = Debug|x64
		{EFEAE4B8-2DFE-4448-BF63-407BAC006AE9}.Debug|x86.ActiveCfg = Debug|Win32
		{EFEAE4B8-2DFE-4448-BF63-407BAC006AE9}.Debug|x86.Build.0 = Debug|Win32
		{EFEAE4B8-2DFE-4448-BF63-407BAC006AE9}.Release|x64.ActiveCfg = Release|x64
		{EFEAE4B8-2DFE-4448-BF63-407BAC006AE9}.Release|x64.Build.0 = Release|x64
		{EFEAE4B8-2DFE-4448-BF63-407BAC006AE9}.Release|x86.ActiveCfg = Release|Win32
		{EFEAE4B8-2DFE-4448-BF63-407BAC006AE9}.Release|x86.Build.0 = Release|Win32
		{1F879DD0-B2FC-469D-AD70-902E4894FEAF}.Debug|x64.ActiveCfg = Debug|x64
		{1F879DD0-B2FC-469D-AD70-902E4894FEAF}.Debug|x64.Build.0 = Debug|x64
		{1F879DD0-B2FC-469D-AD70-902E4894FEAF}.Debug|x86.ActiveCfg = Debug|Win32
		{1F879DD0-B2FC-469D-AD70-902E4894FEAF}.Debug|x86.Build.0 = Debug|Win32
		{1F879DD0-B2FC-469D-AD70-902E4894FEAF}.Release|x64.ActiveCfg = Release|x64
		{1F879DD0-B2FC-469D-AD70-902E4894FEAF}.Release|x64.Build.0 = Release|x64
		{1F879DD0-B2FC-469D-AD70-902E4894FEAF}.Release|x86.ActiveCfg = Release|Win32
		{1F879DD0-B2FC-469D-AD70-902E4894FEAF}.Release|x86.Build.0 = Release|Win32
	EndGlobalSection
	GlobalSection(SolutionProperties) = preSolution
		HideSolutionNode = FALSE
	EndGlobalSection
	GlobalSection(ExtensibilityGlobals) = postSolution
		SolutionGuid = {98F06B6F-E3A1-48CF-B594-9D0F2CD40C0E}
	EndGlobalSection
EndGlobal
